
Microsoft Visual Studio Solution File, Format Version 12.00
# Visual Studio Version 16
VisualStudioVersion = 16.0.31624.102
MinimumVisualStudioVersion = 10.0.40219.1
Project("{FAE04EC0-301F-11D3-BF4B-00C04F79EFBC}") = "QLDSV", "QLDSV\QLDSV.csproj", "{0A089E23-E660-42E2-A9D3-D93DBBDB5592}"
EndProject
Global
	GlobalSection(SolutionConfigurationPlatforms) = preSolution
		Debug|Any CPU = Debug|Any CPU
		Release|Any CPU = Release|Any CPU
	EndGlobalSection
	GlobalSection(ProjectConfigurationPlatforms) = postSolution
		{0A089E23-E660-42E2-A9D3-D93DBBDB5592}.Debug|Any CPU.ActiveCfg = Debug|Any CPU
		{0A089E23-E660-42E2-A9D3-D93DBBDB5592}.Debug|Any CPU.Build.0 = Debug|Any CPU
		{0A089E23-E660-42E2-A9D3-D93DBBDB5592}.Release|Any CPU.ActiveCfg = Release|Any CPU
		{0A089E23-E660-42E2-A9D3-D93DBBDB5592}.Release|Any CPU.Build.0 = Release|Any CPU
	EndGlobalSection
	GlobalSection(SolutionProperties) = preSolution
		HideSolutionNode = FALSE
	EndGlobalSection
	GlobalSection(ExtensibilityGlobals) = postSolution
		SolutionGuid = {A480466D-6ED0-4198-ABF0-A6D64A6138D8}
	EndGlobalSection
EndGlobal
